
Microsoft Visual Studio Solution File, Format Version 12.00
# Visual Studio 15
VisualStudioVersion = 15.0.28010.0
MinimumVisualStudioVersion = 10.0.40219.1
Project("{FAE04EC0-301F-11D3-BF4B-00C04F79EFBC}") = "XMLDocumentation", "Demo\XMLDocumentation.csproj", "{FAC84F83-1F5D-4F91-A3B4-615C774A123C}"
EndProject
Project("{FAE04EC0-301F-11D3-BF4B-00C04F79EFBC}") = "Tuple", "Tuple\Tuple.csproj", "{383E225B-0253-4C43-8184-BB58A5E22F29}"
EndProject
Project("{FAE04EC0-301F-11D3-BF4B-00C04F79EFBC}") = "ValidationAttributes", "ValidationAttributes\ValidationAttributes.csproj", "{7A756E01-FCA5-43EA-B1C5-1BBF0463A5D9}"
EndProject
Global
	GlobalSection(SolutionConfigurationPlatforms) = preSolution
		Debug|Any CPU = Debug|Any CPU
		Release|Any CPU = Release|Any CPU
	EndGlobalSection
	GlobalSection(ProjectConfigurationPlatforms) = postSolution
		{FAC84F83-1F5D-4F91-A3B4-615C774A123C}.Debug|Any CPU.ActiveCfg = Debug|Any CPU
		{FAC84F83-1F5D-4F91-A3B4-615C774A123C}.Debug|Any CPU.Build.0 = Debug|Any CPU
		{FAC84F83-1F5D-4F91-A3B4-615C774A123C}.Release|Any CPU.ActiveCfg = Release|Any CPU
		{FAC84F83-1F5D-4F91-A3B4-615C774A123C}.Release|Any CPU.Build.0 = Release|Any CPU
		{383E225B-0253-4C43-8184-BB58A5E22F29}.Debug|Any CPU.ActiveCfg = Debug|Any CPU
		{383E225B-0253-4C43-8184-BB58A5E22F29}.Debug|Any CPU.Build.0 = Debug|Any CPU
		{383E225B-0253-4C43-8184-BB58A5E22F29}.Release|Any CPU.ActiveCfg = Release|Any CPU
		{383E225B-0253-4C43-8184-BB58A5E22F29}.Release|Any CPU.Build.0 = Release|Any CPU
		{7A756E01-FCA5-43EA-B1C5-1BBF0463A5D9}.Debug|Any CPU.ActiveCfg = Debug|Any CPU
		{7A756E01-FCA5-43EA-B1C5-1BBF0463A5D9}.Debug|Any CPU.Build.0 = Debug|Any CPU
		{7A756E01-FCA5-43EA-B1C5-1BBF0463A5D9}.Release|Any CPU.ActiveCfg = Release|Any CPU
		{7A756E01-FCA5-43EA-B1C5-1BBF0463A5D9}.Release|Any CPU.Build.0 = Release|Any CPU
	EndGlobalSection
	GlobalSection(SolutionProperties) = preSolution
		HideSolutionNode = FALSE
	EndGlobalSection
	GlobalSection(ExtensibilityGlobals) = postSolution
		SolutionGuid = {A319305B-E7FD-4052-9F31-B84F4F0D1345}
	EndGlobalSection
EndGlobal
